
Microsoft Visual Studio Solution File, Format Version 12.00
# Visual Studio Version 17
VisualStudioVersion = 17.9.34728.123
MinimumVisualStudioVersion = 10.0.40219.1
Project("{9A19103F-16F7-4668-BE54-9A1E7A4F7556}") = "TiendaServicios.api.Autor", "TiendaServicios.api.Autor\TiendaServicios.api.Autor.csproj", "{CA284A0B-6280-4D9C-8356-D3A4E1C01B95}"
EndProject
Project("{9A19103F-16F7-4668-BE54-9A1E7A4F7556}") = "TiendaServicios.Api.Libro", "TiendaServicios.Api.Libro\TiendaServicios.Api.Libro.csproj", "{8BEB12C2-9F8B-47D4-AC92-86F82BCBB1AE}"
EndProject
Project("{9A19103F-16F7-4668-BE54-9A1E7A4F7556}") = "TiendaServicios.Api.CarritoCompra", "TiendaServicios.Api.CarritoCompra\TiendaServicios.Api.CarritoCompra.csproj", "{A56C796B-0A28-46CF-806A-E488E96523BD}"
EndProject
Project("{9A19103F-16F7-4668-BE54-9A1E7A4F7556}") = "TiendaServicios.Api.Libro.Tests", "TiendaServicios.Api.Libro.Tests\TiendaServicios.Api.Libro.Tests.csproj", "{0DA3E089-DE63-4E12-BDB8-84542B8C01CA}"
EndProject
Project("{E53339B2-1760-4266-BCC7-CA923CBCF16C}") = "docker-compose", "docker-compose.dcproj", "{70643081-874E-4783-9F4C-42295CE296BC}"
EndProject
Project("{FAE04EC0-301F-11D3-BF4B-00C04F79EFBC}") = "TiendaServicios.Api.Gateway", "TiendaServicios.Api.Gateway\TiendaServicios.Api.Gateway.csproj", "{D0BEA1FC-263B-4739-B091-73CC71D9F5DB}"
EndProject
Global
	GlobalSection(SolutionConfigurationPlatforms) = preSolution
		Debug|Any CPU = Debug|Any CPU
		Release|Any CPU = Release|Any CPU
	EndGlobalSection
	GlobalSection(ProjectConfigurationPlatforms) = postSolution
		{CA284A0B-6280-4D9C-8356-D3A4E1C01B95}.Debug|Any CPU.ActiveCfg = Debug|Any CPU
		{CA284A0B-6280-4D9C-8356-D3A4E1C01B95}.Debug|Any CPU.Build.0 = Debug|Any CPU
		{CA284A0B-6280-4D9C-8356-D3A4E1C01B95}.Release|Any CPU.ActiveCfg = Release|Any CPU
		{CA284A0B-6280-4D9C-8356-D3A4E1C01B95}.Release|Any CPU.Build.0 = Release|Any CPU
		{8BEB12C2-9F8B-47D4-AC92-86F82BCBB1AE}.Debug|Any CPU.ActiveCfg = Debug|Any CPU
		{8BEB12C2-9F8B-47D4-AC92-86F82BCBB1AE}.Debug|Any CPU.Build.0 = Debug|Any CPU
		{8BEB12C2-9F8B-47D4-AC92-86F82BCBB1AE}.Release|Any CPU.ActiveCfg = Release|Any CPU
		{8BEB12C2-9F8B-47D4-AC92-86F82BCBB1AE}.Release|Any CPU.Build.0 = Release|Any CPU
		{A56C796B-0A28-46CF-806A-E488E96523BD}.Debug|Any CPU.ActiveCfg = Debug|Any CPU
		{A56C796B-0A28-46CF-806A-E488E96523BD}.Debug|Any CPU.Build.0 = Debug|Any CPU
		{A56C796B-0A28-46CF-806A-E488E96523BD}.Release|Any CPU.ActiveCfg = Release|Any CPU
		{A56C796B-0A28-46CF-806A-E488E96523BD}.Release|Any CPU.Build.0 = Release|Any CPU
		{0DA3E089-DE63-4E12-BDB8-84542B8C01CA}.Debug|Any CPU.ActiveCfg = Debug|Any CPU
		{0DA3E089-DE63-4E12-BDB8-84542B8C01CA}.Debug|Any CPU.Build.0 = Debug|Any CPU
		{0DA3E089-DE63-4E12-BDB8-84542B8C01CA}.Release|Any CPU.ActiveCfg = Release|Any CPU
		{0DA3E089-DE63-4E12-BDB8-84542B8C01CA}.Release|Any CPU.Build.0 = Release|Any CPU
		{70643081-874E-4783-9F4C-42295CE296BC}.Debug|Any CPU.ActiveCfg = Debug|Any CPU
		{70643081-874E-4783-9F4C-42295CE296BC}.Debug|Any CPU.Build.0 = Debug|Any CPU
		{70643081-874E-4783-9F4C-42295CE296BC}.Release|Any CPU.ActiveCfg = Release|Any CPU
		{70643081-874E-4783-9F4C-42295CE296BC}.Release|Any CPU.Build.0 = Release|Any CPU
		{D0BEA1FC-263B-4739-B091-73CC71D9F5DB}.Debug|Any CPU.ActiveCfg = Debug|Any CPU
		{D0BEA1FC-263B-4739-B091-73CC71D9F5DB}.Debug|Any CPU.Build.0 = Debug|Any CPU
		{D0BEA1FC-263B-4739-B091-73CC71D9F5DB}.Release|Any CPU.ActiveCfg = Release|Any CPU
		{D0BEA1FC-263B-4739-B091-73CC71D9F5DB}.Release|Any CPU.Build.0 = Release|Any CPU
	EndGlobalSection
	GlobalSection(SolutionProperties) = preSolution
		HideSolutionNode = FALSE
	EndGlobalSection
	GlobalSection(ExtensibilityGlobals) = postSolution
		SolutionGuid = {1F642583-AF7A-4469-8B9A-9424FE55F8AF}
	EndGlobalSection
EndGlobal
